// !$*UTF8*$!
{
	archiveVersion = 1;
	classes = {
	};
	objectVersion = 51;
	objects = {

/* Begin PBXBuildFile section */
		181C91E123011BEF002B6B4A /* AppDelegate.swift in Sources */ = {isa = PBXBuildFile; fileRef = 181C91E023011BEF002B6B4A /* AppDelegate.swift */; };
		181C91E323011BEF002B6B4A /* ViewController.swift in Sources */ = {isa = PBXBuildFile; fileRef = 181C91E223011BEF002B6B4A /* ViewController.swift */; };
		181C91E623011BEF002B6B4A /* Main.storyboard in Resources */ = {isa = PBXBuildFile; fileRef = 181C91E423011BEF002B6B4A /* Main.storyboard */; };
		181C91E823011BF2002B6B4A /* Assets.xcassets in Resources */ = {isa = PBXBuildFile; fileRef = 181C91E723011BF2002B6B4A /* Assets.xcassets */; };
		181C91EB23011BF2002B6B4A /* LaunchScreen.storyboard in Resources */ = {isa = PBXBuildFile; fileRef = 181C91E923011BF2002B6B4A /* LaunchScreen.storyboard */; };
		181C91F623011BF2002B6B4A /* Miagi_ReminderTests.swift in Sources */ = {isa = PBXBuildFile; fileRef = 181C91F523011BF2002B6B4A /* Miagi_ReminderTests.swift */; };
		181C920123011BF2002B6B4A /* Miagi_ReminderUITests.swift in Sources */ = {isa = PBXBuildFile; fileRef = 181C920023011BF2002B6B4A /* Miagi_ReminderUITests.swift */; };
		181C9211230176FD002B6B4A /* NewEventClassViewController.swift in Sources */ = {isa = PBXBuildFile; fileRef = 181C9210230176FD002B6B4A /* NewEventClassViewController.swift */; };
		189F1A7D2302530A00568FDE /* CalendarView.swift in Sources */ = {isa = PBXBuildFile; fileRef = 189F1A7C2302530A00568FDE /* CalendarView.swift */; };
		6D19D04F388DAD604305C4A8 /* libPods-Miagi-Reminder.a in Frameworks */ = {isa = PBXBuildFile; fileRef = DC8AB5B2ACFAD44AA578D024 /* libPods-Miagi-Reminder.a */; };
/* End PBXBuildFile section */

/* Begin PBXContainerItemProxy section */
		181C91F223011BF2002B6B4A /* PBXContainerItemProxy */ = {
			isa = PBXContainerItemProxy;
			containerPortal = 181C91D523011BEF002B6B4A /* Project object */;
			proxyType = 1;
			remoteGlobalIDString = 181C91DC23011BEF002B6B4A;
			remoteInfo = "Miagi-Reminder";
		};
		181C91FD23011BF2002B6B4A /* PBXContainerItemProxy */ = {
			isa = PBXContainerItemProxy;
			containerPortal = 181C91D523011BEF002B6B4A /* Project object */;
			proxyType = 1;
			remoteGlobalIDString = 181C91DC23011BEF002B6B4A;
			remoteInfo = "Miagi-Reminder";
		};
/* End PBXContainerItemProxy section */

/* Begin PBXFileReference section */
		181C91DD23011BEF002B6B4A /* Miagi-Reminder.app */ = {isa = PBXFileReference; explicitFileType = wrapper.application; includeInIndex = 0; path = "Miagi-Reminder.app"; sourceTree = BUILT_PRODUCTS_DIR; };
		181C91E023011BEF002B6B4A /* AppDelegate.swift */ = {isa = PBXFileReference; lastKnownFileType = sourcecode.swift; path = AppDelegate.swift; sourceTree = "<group>"; };
		181C91E223011BEF002B6B4A /* ViewController.swift */ = {isa = PBXFileReference; lastKnownFileType = sourcecode.swift; path = ViewController.swift; sourceTree = "<group>"; };
		181C91E523011BEF002B6B4A /* Base */ = {isa = PBXFileReference; lastKnownFileType = file.storyboard; name = Base; path = Base.lproj/Main.storyboard; sourceTree = "<group>"; };
		181C91E723011BF2002B6B4A /* Assets.xcassets */ = {isa = PBXFileReference; lastKnownFileType = folder.assetcatalog; path = Assets.xcassets; sourceTree = "<group>"; };
		181C91EA23011BF2002B6B4A /* Base */ = {isa = PBXFileReference; lastKnownFileType = file.storyboard; name = Base; path = Base.lproj/LaunchScreen.storyboard; sourceTree = "<group>"; };
		181C91EC23011BF2002B6B4A /* Info.plist */ = {isa = PBXFileReference; lastKnownFileType = text.plist.xml; path = Info.plist; sourceTree = "<group>"; };
		181C91F123011BF2002B6B4A /* Miagi-ReminderTests.xctest */ = {isa = PBXFileReference; explicitFileType = wrapper.cfbundle; includeInIndex = 0; path = "Miagi-ReminderTests.xctest"; sourceTree = BUILT_PRODUCTS_DIR; };
		181C91F523011BF2002B6B4A /* Miagi_ReminderTests.swift */ = {isa = PBXFileReference; lastKnownFileType = sourcecode.swift; path = Miagi_ReminderTests.swift; sourceTree = "<group>"; };
		181C91F723011BF2002B6B4A /* Info.plist */ = {isa = PBXFileReference; lastKnownFileType = text.plist.xml; path = Info.plist; sourceTree = "<group>"; };
		181C91FC23011BF2002B6B4A /* Miagi-ReminderUITests.xctest */ = {isa = PBXFileReference; explicitFileType = wrapper.cfbundle; includeInIndex = 0; path = "Miagi-ReminderUITests.xctest"; sourceTree = BUILT_PRODUCTS_DIR; };
		181C920023011BF2002B6B4A /* Miagi_ReminderUITests.swift */ = {isa = PBXFileReference; lastKnownFileType = sourcecode.swift; path = Miagi_ReminderUITests.swift; sourceTree = "<group>"; };
		181C920223011BF2002B6B4A /* Info.plist */ = {isa = PBXFileReference; lastKnownFileType = text.plist.xml; path = Info.plist; sourceTree = "<group>"; };
		181C9210230176FD002B6B4A /* NewEventClassViewController.swift */ = {isa = PBXFileReference; lastKnownFileType = sourcecode.swift; path = NewEventClassViewController.swift; sourceTree = "<group>"; };
		189F1A7C2302530A00568FDE /* CalendarView.swift */ = {isa = PBXFileReference; lastKnownFileType = sourcecode.swift; path = CalendarView.swift; sourceTree = "<group>"; };
		1D18DBF837D543416B81ED37 /* Pods-Miagi-Reminder.release.xcconfig */ = {isa = PBXFileReference; includeInIndex = 1; lastKnownFileType = text.xcconfig; name = "Pods-Miagi-Reminder.release.xcconfig"; path = "Target Support Files/Pods-Miagi-Reminder/Pods-Miagi-Reminder.release.xcconfig"; sourceTree = "<group>"; };
		3ACA0C4A7BEE6BA9B0759A52 /* Pods-Miagi-Reminder.debug.xcconfig */ = {isa = PBXFileReference; includeInIndex = 1; lastKnownFileType = text.xcconfig; name = "Pods-Miagi-Reminder.debug.xcconfig"; path = "Target Support Files/Pods-Miagi-Reminder/Pods-Miagi-Reminder.debug.xcconfig"; sourceTree = "<group>"; };
		DC8AB5B2ACFAD44AA578D024 /* libPods-Miagi-Reminder.a */ = {isa = PBXFileReference; explicitFileType = archive.ar; includeInIndex = 0; path = "libPods-Miagi-Reminder.a"; sourceTree = BUILT_PRODUCTS_DIR; };
/* End PBXFileReference section */

/* Begin PBXFrameworksBuildPhase section */
		181C91DA23011BEF002B6B4A /* Frameworks */ = {
			isa = PBXFrameworksBuildPhase;
			buildActionMask = 2147483647;
			files = (
				6D19D04F388DAD604305C4A8 /* libPods-Miagi-Reminder.a in Frameworks */,
			);
			runOnlyForDeploymentPostprocessing = 0;
		};
		181C91EE23011BF2002B6B4A /* Frameworks */ = {
			isa = PBXFrameworksBuildPhase;
			buildActionMask = 2147483647;
			files = (
			);
			runOnlyForDeploymentPostprocessing = 0;
		};
		181C91F923011BF2002B6B4A /* Frameworks */ = {
			isa = PBXFrameworksBuildPhase;
			buildActionMask = 2147483647;
			files = (
			);
			runOnlyForDeploymentPostprocessing = 0;
		};
/* End PBXFrameworksBuildPhase section */

/* Begin PBXGroup section */
		181C91D423011BEF002B6B4A = {
			isa = PBXGroup;
			children = (
				181C91DF23011BEF002B6B4A /* Miagi-Reminder */,
				181C91F423011BF2002B6B4A /* Miagi-ReminderTests */,
				181C91FF23011BF2002B6B4A /* Miagi-ReminderUITests */,
				181C91DE23011BEF002B6B4A /* Products */,
				989954F8DD022B8C044ED347 /* Pods */,
				791E4A49DB109E7471D6C99D /* Frameworks */,
			);
			sourceTree = "<group>";
		};
		181C91DE23011BEF002B6B4A /* Products */ = {
			isa = PBXGroup;
			children = (
				181C91DD23011BEF002B6B4A /* Miagi-Reminder.app */,
				181C91F123011BF2002B6B4A /* Miagi-ReminderTests.xctest */,
				181C91FC23011BF2002B6B4A /* Miagi-ReminderUITests.xctest */,
			);
			name = Products;
			sourceTree = "<group>";
		};
		181C91DF23011BEF002B6B4A /* Miagi-Reminder */ = {
			isa = PBXGroup;
			children = (
				181C91E023011BEF002B6B4A /* AppDelegate.swift */,
				181C91E223011BEF002B6B4A /* ViewController.swift */,
				189F1A7C2302530A00568FDE /* CalendarView.swift */,
				181C91E423011BEF002B6B4A /* Main.storyboard */,
				181C9210230176FD002B6B4A /* NewEventClassViewController.swift */,
				181C91E723011BF2002B6B4A /* Assets.xcassets */,
				181C91E923011BF2002B6B4A /* LaunchScreen.storyboard */,
				181C91EC23011BF2002B6B4A /* Info.plist */,
			);
			path = "Miagi-Reminder";
			sourceTree = "<group>";
		};
		181C91F423011BF2002B6B4A /* Miagi-ReminderTests */ = {
			isa = PBXGroup;
			children = (
				181C91F523011BF2002B6B4A /* Miagi_ReminderTests.swift */,
				181C91F723011BF2002B6B4A /* Info.plist */,
			);
			path = "Miagi-ReminderTests";
			sourceTree = "<group>";
		};
		181C91FF23011BF2002B6B4A /* Miagi-ReminderUITests */ = {
			isa = PBXGroup;
			children = (
				181C920023011BF2002B6B4A /* Miagi_ReminderUITests.swift */,
				181C920223011BF2002B6B4A /* Info.plist */,
			);
			path = "Miagi-ReminderUITests";
			sourceTree = "<group>";
		};
		791E4A49DB109E7471D6C99D /* Frameworks */ = {
			isa = PBXGroup;
			children = (
				DC8AB5B2ACFAD44AA578D024 /* libPods-Miagi-Reminder.a */,
			);
			name = Frameworks;
			sourceTree = "<group>";
		};
		989954F8DD022B8C044ED347 /* Pods */ = {
			isa = PBXGroup;
			children = (
				3ACA0C4A7BEE6BA9B0759A52 /* Pods-Miagi-Reminder.debug.xcconfig */,
				1D18DBF837D543416B81ED37 /* Pods-Miagi-Reminder.release.xcconfig */,
			);
			path = Pods;
			sourceTree = "<group>";
		};
/* End PBXGroup section */

/* Begin PBXNativeTarget section */
		181C91DC23011BEF002B6B4A /* Miagi-Reminder */ = {
			isa = PBXNativeTarget;
			buildConfigurationList = 181C920523011BF2002B6B4A /* Build configuration list for PBXNativeTarget "Miagi-Reminder" */;
			buildPhases = (
				21090BF726BB8EDFE6736AAD /* [CP] Check Pods Manifest.lock */,
				181C91D923011BEF002B6B4A /* Sources */,
				181C91DA23011BEF002B6B4A /* Frameworks */,
				181C91DB23011BEF002B6B4A /* Resources */,
			);
			buildRules = (
			);
			dependencies = (
			);
			name = "Miagi-Reminder";
			productName = "Miagi-Reminder";
			productReference = 181C91DD23011BEF002B6B4A /* Miagi-Reminder.app */;
			productType = "com.apple.product-type.application";
		};
		181C91F023011BF2002B6B4A /* Miagi-ReminderTests */ = {
			isa = PBXNativeTarget;
			buildConfigurationList = 181C920823011BF2002B6B4A /* Build configuration list for PBXNativeTarget "Miagi-ReminderTests" */;
			buildPhases = (
				181C91ED23011BF2002B6B4A /* Sources */,
				181C91EE23011BF2002B6B4A /* Frameworks */,
				181C91EF23011BF2002B6B4A /* Resources */,
			);
			buildRules = (
			);
			dependencies = (
				181C91F323011BF2002B6B4A /* PBXTargetDependency */,
			);
			name = "Miagi-ReminderTests";
			productName = "Miagi-ReminderTests";
			productReference = 181C91F123011BF2002B6B4A /* Miagi-ReminderTests.xctest */;
			productType = "com.apple.product-type.bundle.unit-test";
		};
		181C91FB23011BF2002B6B4A /* Miagi-ReminderUITests */ = {
			isa = PBXNativeTarget;
			buildConfigurationList = 181C920B23011BF2002B6B4A /* Build configuration list for PBXNativeTarget "Miagi-ReminderUITests" */;
			buildPhases = (
				181C91F823011BF2002B6B4A /* Sources */,
				181C91F923011BF2002B6B4A /* Frameworks */,
				181C91FA23011BF2002B6B4A /* Resources */,
			);
			buildRules = (
			);
			dependencies = (
				181C91FE23011BF2002B6B4A /* PBXTargetDependency */,
			);
			name = "Miagi-ReminderUITests";
			productName = "Miagi-ReminderUITests";
			productReference = 181C91FC23011BF2002B6B4A /* Miagi-ReminderUITests.xctest */;
			productType = "com.apple.product-type.bundle.ui-testing";
		};
/* End PBXNativeTarget section */

/* Begin PBXProject section */
		181C91D523011BEF002B6B4A /* Project object */ = {
			isa = PBXProject;
			attributes = {
				LastSwiftUpdateCheck = 1030;
				LastUpgradeCheck = 1030;
				ORGANIZATIONNAME = apple;
				TargetAttributes = {
					181C91DC23011BEF002B6B4A = {
						CreatedOnToolsVersion = 10.3;
					};
					181C91F023011BF2002B6B4A = {
						CreatedOnToolsVersion = 10.3;
						TestTargetID = 181C91DC23011BEF002B6B4A;
					};
					181C91FB23011BF2002B6B4A = {
						CreatedOnToolsVersion = 10.3;
						TestTargetID = 181C91DC23011BEF002B6B4A;
					};
				};
			};
			buildConfigurationList = 181C91D823011BEF002B6B4A /* Build configuration list for PBXProject "Miagi-Reminder" */;
			compatibilityVersion = "Xcode 9.3";
			developmentRegion = en;
			hasScannedForEncodings = 0;
			knownRegions = (
				en,
				Base,
			);
			mainGroup = 181C91D423011BEF002B6B4A;
			productRefGroup = 181C91DE23011BEF002B6B4A /* Products */;
			projectDirPath = "";
			projectRoot = "";
			targets = (
				181C91DC23011BEF002B6B4A /* Miagi-Reminder */,
				181C91F023011BF2002B6B4A /* Miagi-ReminderTests */,
				181C91FB23011BF2002B6B4A /* Miagi-ReminderUITests */,
			);
		};
/* End PBXProject section */

/* Begin PBXResourcesBuildPhase section */
		181C91DB23011BEF002B6B4A /* Resources */ = {
			isa = PBXResourcesBuildPhase;
			buildActionMask = 2147483647;
			files = (
				181C91EB23011BF2002B6B4A /* LaunchScreen.storyboard in Resources */,
				181C91E823011BF2002B6B4A /* Assets.xcassets in Resources */,
				181C91E623011BEF002B6B4A /* Main.storyboard in Resources */,
			);
			runOnlyForDeploymentPostprocessing = 0;
		};
		181C91EF23011BF2002B6B4A /* Resources */ = {
			isa = PBXResourcesBuildPhase;
			buildActionMask = 2147483647;
			files = (
			);
			runOnlyForDeploymentPostprocessing = 0;
		};
		181C91FA23011BF2002B6B4A /* Resources */ = {
			isa = PBXResourcesBuildPhase;
			buildActionMask = 2147483647;
			files = (
			);
			runOnlyForDeploymentPostprocessing = 0;
		};
/* End PBXResourcesBuildPhase section */

/* Begin PBXShellScriptBuildPhase section */
		21090BF726BB8EDFE6736AAD /* [CP] Check Pods Manifest.lock */ = {
			isa = PBXShellScriptBuildPhase;
			buildActionMask = 2147483647;
			files = (
			);
			inputFileListPaths = (
			);
			inputPaths = (
				"${PODS_PODFILE_DIR_PATH}/Podfile.lock",
				"${PODS_ROOT}/Manifest.lock",
			);
			name = "[CP] Check Pods Manifest.lock";
			outputFileListPaths = (
			);
			outputPaths = (
				"$(DERIVED_FILE_DIR)/Pods-Miagi-Reminder-checkManifestLockResult.txt",
			);
			runOnlyForDeploymentPostprocessing = 0;
			shellPath = /bin/sh;
			shellScript = "diff \"${PODS_PODFILE_DIR_PATH}/Podfile.lock\" \"${PODS_ROOT}/Manifest.lock\" > /dev/null\nif [ $? != 0 ] ; then\n    # print error to STDERR\n    echo \"error: The sandbox is not in sync with the Podfile.lock. Run 'pod install' or update your CocoaPods installation.\" >&2\n    exit 1\nfi\n# This output is used by Xcode 'outputs' to avoid re-running this script phase.\necho \"SUCCESS\" > \"${SCRIPT_OUTPUT_FILE_0}\"\n";
			showEnvVarsInLog = 0;
		};
/* End PBXShellScriptBuildPhase section */

/* Begin PBXSourcesBuildPhase section */
		181C91D923011BEF002B6B4A /* Sources */ = {
			isa = PBXSourcesBuildPhase;
			buildActionMask = 2147483647;
			files = (
				181C91E323011BEF002B6B4A /* ViewController.swift in Sources */,
				181C91E123011BEF002B6B4A /* AppDelegate.swift in Sources */,
				189F1A7D2302530A00568FDE /* CalendarView.swift in Sources */,
				181C9211230176FD002B6B4A /* NewEventClassViewController.swift in Sources */,
			);
			runOnlyForDeploymentPostprocessing = 0;
		};
		181C91ED23011BF2002B6B4A /* Sources */ = {
			isa = PBXSourcesBuildPhase;
			buildActionMask = 2147483647;
			files = (
				181C91F623011BF2002B6B4A /* Miagi_ReminderTests.swift in Sources */,
			);
			runOnlyForDeploymentPostprocessing = 0;
		};
		181C91F823011BF2002B6B4A /* Sources */ = {
			isa = PBXSourcesBuildPhase;
			buildActionMask = 2147483647;
			files = (
				181C920123011BF2002B6B4A /* Miagi_ReminderUITests.swift in Sources */,
			);
			runOnlyForDeploymentPostprocessing = 0;
		};
/* End PBXSourcesBuildPhase section */

/* Begin PBXTargetDependency section */
		181C91F323011BF2002B6B4A /* PBXTargetDependency */ = {
			isa = PBXTargetDependency;
			target = 181C91DC23011BEF002B6B4A /* Miagi-Reminder */;
			targetProxy = 181C91F223011BF2002B6B4A /* PBXContainerItemProxy */;
		};
		181C91FE23011BF2002B6B4A /* PBXTargetDependency */ = {
			isa = PBXTargetDependency;
			target = 181C91DC23011BEF002B6B4A /* Miagi-Reminder */;
			targetProxy = 181C91FD23011BF2002B6B4A /* PBXContainerItemProxy */;
		};
/* End PBXTargetDependency section */

/* Begin PBXVariantGroup section */
		181C91E423011BEF002B6B4A /* Main.storyboard */ = {
			isa = PBXVariantGroup;
			children = (
				181C91E523011BEF002B6B4A /* Base */,
			);
			name = Main.storyboard;
			sourceTree = "<group>";
		};
		181C91E923011BF2002B6B4A /* LaunchScreen.storyboard */ = {
			isa = PBXVariantGroup;
			children = (
				181C91EA23011BF2002B6B4A /* Base */,
			);
			name = LaunchScreen.storyboard;
			sourceTree = "<group>";
		};
/* End PBXVariantGroup section */

/* Begin XCBuildConfiguration section */
		181C920323011BF2002B6B4A /* Debug */ = {
			isa = XCBuildConfiguration;
			buildSettings = {
				ALWAYS_SEARCH_USER_PATHS = NO;
				CLANG_ANALYZER_NONNULL = YES;
				CLANG_ANALYZER_NUMBER_OBJECT_CONVERSION = YES_AGGRESSIVE;
				CLANG_CXX_LANGUAGE_STANDARD = "gnu++14";
				CLANG_CXX_LIBRARY = "libc++";
				CLANG_ENABLE_MODULES = YES;
				CLANG_ENABLE_OBJC_ARC = YES;
				CLANG_ENABLE_OBJC_WEAK = YES;
				CLANG_WARN_BLOCK_CAPTURE_AUTORELEASING = YES;
				CLANG_WARN_BOOL_CONVERSION = YES;
				CLANG_WARN_COMMA = YES;
				CLANG_WARN_CONSTANT_CONVERSION = YES;
				CLANG_WARN_DEPRECATED_OBJC_IMPLEMENTATIONS = YES;
				CLANG_WARN_DIRECT_OBJC_ISA_USAGE = YES_ERROR;
				CLANG_WARN_DOCUMENTATION_COMMENTS = YES;
				CLANG_WARN_EMPTY_BODY = YES;
				CLANG_WARN_ENUM_CONVERSION = YES;
				CLANG_WARN_INFINITE_RECURSION = YES;
				CLANG_WARN_INT_CONVERSION = YES;
				CLANG_WARN_NON_LITERAL_NULL_CONVERSION = YES;
				CLANG_WARN_OBJC_IMPLICIT_RETAIN_SELF = YES;
				CLANG_WARN_OBJC_LITERAL_CONVERSION = YES;
				CLANG_WARN_OBJC_ROOT_CLASS = YES_ERROR;
				CLANG_WARN_RANGE_LOOP_ANALYSIS = YES;
				CLANG_WARN_STRICT_PROTOTYPES = YES;
				CLANG_WARN_SUSPICIOUS_MOVE = YES;
				CLANG_WARN_UNGUARDED_AVAILABILITY = YES_AGGRESSIVE;
				CLANG_WARN_UNREACHABLE_CODE = YES;
				CLANG_WARN__DUPLICATE_METHOD_MATCH = YES;
				CODE_SIGN_IDENTITY = "iPhone Developer";
				COPY_PHASE_STRIP = NO;
				DEBUG_INFORMATION_FORMAT = dwarf;
				ENABLE_STRICT_OBJC_MSGSEND = YES;
				ENABLE_TESTABILITY = YES;
				GCC_C_LANGUAGE_STANDARD = gnu11;
				GCC_DYNAMIC_NO_PIC = NO;
				GCC_NO_COMMON_BLOCKS = YES;
				GCC_OPTIMIZATION_LEVEL = 0;
				GCC_PREPROCESSOR_DEFINITIONS = (
					"DEBUG=1",
					"$(inherited)",
				);
				GCC_WARN_64_TO_32_BIT_CONVERSION = YES;
				GCC_WARN_ABOUT_RETURN_TYPE = YES_ERROR;
				GCC_WARN_UNDECLARED_SELECTOR = YES;
				GCC_WARN_UNINITIALIZED_AUTOS = YES_AGGRESSIVE;
				GCC_WARN_UNUSED_FUNCTION = YES;
				GCC_WARN_UNUSED_VARIABLE = YES;
				IPHONEOS_DEPLOYMENT_TARGET = 12.4;
				MTL_ENABLE_DEBUG_INFO = INCLUDE_SOURCE;
				MTL_FAST_MATH = YES;
				ONLY_ACTIVE_ARCH = YES;
				SDKROOT = iphoneos;
				SWIFT_ACTIVE_COMPILATION_CONDITIONS = DEBUG;
				SWIFT_OPTIMIZATION_LEVEL = "-Onone";
			};
			name = Debug;
		};
		181C920423011BF2002B6B4A /* Release */ = {
			isa = XCBuildConfiguration;
			buildSettings = {
				ALWAYS_SEARCH_USER_PATHS = NO;
				CLANG_ANALYZER_NONNULL = YES;
				CLANG_ANALYZER_NUMBER_OBJECT_CONVERSION = YES_AGGRESSIVE;
				CLANG_CXX_LANGUAGE_STANDARD = "gnu++14";
				CLANG_CXX_LIBRARY = "libc++";
				CLANG_ENABLE_MODULES = YES;
				CLANG_ENABLE_OBJC_ARC = YES;
				CLANG_ENABLE_OBJC_WEAK = YES;
				CLANG_WARN_BLOCK_CAPTURE_AUTORELEASING = YES;
				CLANG_WARN_BOOL_CONVERSION = YES;
				CLANG_WARN_COMMA = YES;
				CLANG_WARN_CONSTANT_CONVERSION = YES;
				CLANG_WARN_DEPRECATED_OBJC_IMPLEMENTATIONS = YES;
				CLANG_WARN_DIRECT_OBJC_ISA_USAGE = YES_ERROR;
				CLANG_WARN_DOCUMENTATION_COMMENTS = YES;
				CLANG_WARN_EMPTY_BODY = YES;
				CLANG_WARN_ENUM_CONVERSION = YES;
				CLANG_WARN_INFINITE_RECURSION = YES;
				CLANG_WARN_INT_CONVERSION = YES;
				CLANG_WARN_NON_LITERAL_NULL_CONVERSION = YES;
				CLANG_WARN_OBJC_IMPLICIT_RETAIN_SELF = YES;
				CLANG_WARN_OBJC_LITERAL_CONVERSION = YES;
				CLANG_WARN_OBJC_ROOT_CLASS = YES_ERROR;
				CLANG_WARN_RANGE_LOOP_ANALYSIS = YES;
				CLANG_WARN_STRICT_PROTOTYPES = YES;
				CLANG_WARN_SUSPICIOUS_MOVE = YES;
				CLANG_WARN_UNGUARDED_AVAILABILITY = YES_AGGRESSIVE;
				CLANG_WARN_UNREACHABLE_CODE = YES;
				CLANG_WARN__DUPLICATE_METHOD_MATCH = YES;
				CODE_SIGN_IDENTITY = "iPhone Developer";
				COPY_PHASE_STRIP = NO;
				DEBUG_INFORMATION_FORMAT = "dwarf-with-dsym";
				ENABLE_NS_ASSERTIONS = NO;
				ENABLE_STRICT_OBJC_MSGSEND = YES;
				GCC_C_LANGUAGE_STANDARD = gnu11;
				GCC_NO_COMMON_BLOCKS = YES;
				GCC_WARN_64_TO_32_BIT_CONVERSION = YES;
				GCC_WARN_ABOUT_RETURN_TYPE = YES_ERROR;
				GCC_WARN_UNDECLARED_SELECTOR = YES;
				GCC_WARN_UNINITIALIZED_AUTOS = YES_AGGRESSIVE;
				GCC_WARN_UNUSED_FUNCTION = YES;
				GCC_WARN_UNUSED_VARIABLE = YES;
				IPHONEOS_DEPLOYMENT_TARGET = 12.4;
				MTL_ENABLE_DEBUG_INFO = NO;
				MTL_FAST_MATH = YES;
				SDKROOT = iphoneos;
				SWIFT_COMPILATION_MODE = wholemodule;
				SWIFT_OPTIMIZATION_LEVEL = "-O";
				VALIDATE_PRODUCT = YES;
			};
			name = Release;
		};
		181C920623011BF2002B6B4A /* Debug */ = {
			isa = XCBuildConfiguration;
			baseConfigurationReference = 3ACA0C4A7BEE6BA9B0759A52 /* Pods-Miagi-Reminder.debug.xcconfig */;
			buildSettings = {
				ASSETCATALOG_COMPILER_APPICON_NAME = AppIcon;
				CODE_SIGN_STYLE = Automatic;
				DEVELOPMENT_TEAM = XG6J99B6RT;
				INFOPLIST_FILE = "Miagi-Reminder/Info.plist";
				LD_RUNPATH_SEARCH_PATHS = (
					"$(inherited)",
					"@executable_path/Frameworks",
				);
				PRODUCT_BUNDLE_IDENTIFIER = "Reminder-Calender.Miagi-Reminder";
				PRODUCT_NAME = "$(TARGET_NAME)";
				SWIFT_VERSION = 5.0;
				TARGETED_DEVICE_FAMILY = "1,2";
			};
			name = Debug;
		};
		181C920723011BF2002B6B4A /* Release */ = {
			isa = XCBuildConfiguration;
			baseConfigurationReference = 1D18DBF837D543416B81ED37 /* Pods-Miagi-Reminder.release.xcconfig */;
			buildSettings = {
				ASSETCATALOG_COMPILER_APPICON_NAME = AppIcon;
				CODE_SIGN_STYLE = Automatic;
				DEVELOPMENT_TEAM = XG6J99B6RT;
				INFOPLIST_FILE = "Miagi-Reminder/Info.plist";
				LD_RUNPATH_SEARCH_PATHS = (
					"$(inherited)",
					"@executable_path/Frameworks",
				);
				PRODUCT_BUNDLE_IDENTIFIER = "Reminder-Calender.Miagi-Reminder";
				PRODUCT_NAME = "$(TARGET_NAME)";
				SWIFT_VERSION = 5.0;
				TARGETED_DEVICE_FAMILY = "1,2";
			};
			name = Release;
		};
		181C920923011BF2002B6B4A /* Debug */ = {
			isa = XCBuildConfiguration;
			buildSettings = {
				ALWAYS_EMBED_SWIFT_STANDARD_LIBRARIES = YES;
				BUNDLE_LOADER = "$(TEST_HOST)";
				CODE_SIGN_STYLE = Automatic;
				DEVELOPMENT_TEAM = XG6J99B6RT;
				INFOPLIST_FILE = "Miagi-ReminderTests/Info.plist";
				LD_RUNPATH_SEARCH_PATHS = (
					"$(inherited)",
					"@executable_path/Frameworks",
					"@loader_path/Frameworks",
				);
				PRODUCT_BUNDLE_IDENTIFIER = "Reminder-Calender.Miagi-ReminderTests";
				PRODUCT_NAME = "$(TARGET_NAME)";
				SWIFT_VERSION = 5.0;
				TARGETED_DEVICE_FAMILY = "1,2";
				TEST_HOST = "$(BUILT_PRODUCTS_DIR)/Miagi-Reminder.app/Miagi-Reminder";
			};
			name = Debug;
		};
		181C920A23011BF2002B6B4A /* Release */ = {
			isa = XCBuildConfiguration;
			buildSettings = {
				ALWAYS_EMBED_SWIFT_STANDARD_LIBRARIES = YES;
				BUNDLE_LOADER = "$(TEST_HOST)";
				CODE_SIGN_STYLE = Automatic;
				DEVELOPMENT_TEAM = XG6J99B6RT;
				INFOPLIST_FILE = "Miagi-ReminderTests/Info.plist";
				LD_RUNPATH_SEARCH_PATHS = (
					"$(inherited)",
					"@executable_path/Frameworks",
					"@loader_path/Frameworks",
				);
				PRODUCT_BUNDLE_IDENTIFIER = "Reminder-Calender.Miagi-ReminderTests";
				PRODUCT_NAME = "$(TARGET_NAME)";
				SWIFT_VERSION = 5.0;
				TARGETED_DEVICE_FAMILY = "1,2";
				TEST_HOST = "$(BUILT_PRODUCTS_DIR)/Miagi-Reminder.app/Miagi-Reminder";
			};
			name = Release;
		};
		181C920C23011BF2002B6B4A /* Debug */ = {
			isa = XCBuildConfiguration;
			buildSettings = {
				ALWAYS_EMBED_SWIFT_STANDARD_LIBRARIES = YES;
				CODE_SIGN_STYLE = Automatic;
				DEVELOPMENT_TEAM = XG6J99B6RT;
				INFOPLIST_FILE = "Miagi-ReminderUITests/Info.plist";
				LD_RUNPATH_SEARCH_PATHS = (
					"$(inherited)",
					"@executable_path/Frameworks",
					"@loader_path/Frameworks",
				);
				PRODUCT_BUNDLE_IDENTIFIER = "Reminder-Calender.Miagi-ReminderUITests";
				PRODUCT_NAME = "$(TARGET_NAME)";
				SWIFT_VERSION = 5.0;
				TARGETED_DEVICE_FAMILY = "1,2";
				TEST_TARGET_NAME = "Miagi-Reminder";
			};
			name = Debug;
		};
		181C920D23011BF2002B6B4A /* Release */ = {
			isa = XCBuildConfiguration;
			buildSettings = {
				ALWAYS_EMBED_SWIFT_STANDARD_LIBRARIES = YES;
				CODE_SIGN_STYLE = Automatic;
				DEVELOPMENT_TEAM = XG6J99B6RT;
				INFOPLIST_FILE = "Miagi-ReminderUITests/Info.plist";
				LD_RUNPATH_SEARCH_PATHS = (
					"$(inherited)",
					"@executable_path/Frameworks",
					"@loader_path/Frameworks",
				);
				PRODUCT_BUNDLE_IDENTIFIER = "Reminder-Calender.Miagi-ReminderUITests";
				PRODUCT_NAME = "$(TARGET_NAME)";
				SWIFT_VERSION = 5.0;
				TARGETED_DEVICE_FAMILY = "1,2";
				TEST_TARGET_NAME = "Miagi-Reminder";
			};
			name = Release;
		};
/* End XCBuildConfiguration section */

/* Begin XCConfigurationList section */
		181C91D823011BEF002B6B4A /* Build configuration list for PBXProject "Miagi-Reminder" */ = {
			isa = XCConfigurationList;
			buildConfigurations = (
				181C920323011BF2002B6B4A /* Debug */,
				181C920423011BF2002B6B4A /* Release */,
			);
			defaultConfigurationIsVisible = 0;
			defaultConfigurationName = Release;
		};
		181C920523011BF2002B6B4A /* Build configuration list for PBXNativeTarget "Miagi-Reminder" */ = {
			isa = XCConfigurationList;
			buildConfigurations = (
				181C920623011BF2002B6B4A /* Debug */,
				181C920723011BF2002B6B4A /* Release */,
			);
			defaultConfigurationIsVisible = 0;
			defaultConfigurationName = Release;
		};
		181C920823011BF2002B6B4A /* Build configuration list for PBXNativeTarget "Miagi-ReminderTests" */ = {
			isa = XCConfigurationList;
			buildConfigurations = (
				181C920923011BF2002B6B4A /* Debug */,
				181C920A23011BF2002B6B4A /* Release */,
			);
			defaultConfigurationIsVisible = 0;
			defaultConfigurationName = Release;
		};
		181C920B23011BF2002B6B4A /* Build configuration list for PBXNativeTarget "Miagi-ReminderUITests" */ = {
			isa = XCConfigurationList;
			buildConfigurations = (
				181C920C23011BF2002B6B4A /* Debug */,
				181C920D23011BF2002B6B4A /* Release */,
			);
			defaultConfigurationIsVisible = 0;
			defaultConfigurationName = Release;
		};
/* End XCConfigurationList section */
	};
	rootObject = 181C91D523011BEF002B6B4A /* Project object */;
}
